
Microsoft Visual Studio Solution File, Format Version 12.00
# Visual Studio Version 17
VisualStudioVersion = 17.0.31903.59
MinimumVisualStudioVersion = 10.0.40219.1
Project("{FAE04EC0-301F-11D3-BF4B-00C04F79EFBC}") = "AI_Backoffice_builder.Web", "AI_Backoffice_builder.Web\AI_Backoffice_builder.Web.csproj", "{41C5A8A9-64A5-4E74-BB55-BE121B201B11}"
EndProject
Project("{FAE04EC0-301F-11D3-BF4B-00C04F79EFBC}") = "AI_Backoffice_builder.Core", "AI_Backoffice_builder.Core\AI_Backoffice_builder.Core.csproj", "{83E6F302-67B7-4FFD-B15A-AF2646D430D1}"
EndProject
Project("{FAE04EC0-301F-11D3-BF4B-00C04F79EFBC}") = "AI_Backoffice_builder.Models", "AI_Backoffice_builder.Models\AI_Backoffice_builder.Models.csproj", "{B319F628-F6B4-48A1-8E31-33EA664F9008}"
EndProject
Global
	GlobalSection(SolutionConfigurationPlatforms) = preSolution
		Debug|Any CPU = Debug|Any CPU
		Release|Any CPU = Release|Any CPU
	EndGlobalSection
	GlobalSection(ProjectConfigurationPlatforms) = postSolution
		{41C5A8A9-64A5-4E74-BB55-BE121B201B11}.Debug|Any CPU.ActiveCfg = Debug|Any CPU
		{41C5A8A9-64A5-4E74-BB55-BE121B201B11}.Debug|Any CPU.Build.0 = Debug|Any CPU
		{41C5A8A9-64A5-4E74-BB55-BE121B201B11}.Release|Any CPU.ActiveCfg = Release|Any CPU
		{41C5A8A9-64A5-4E74-BB55-BE121B201B11}.Release|Any CPU.Build.0 = Release|Any CPU
		{83E6F302-67B7-4FFD-B15A-AF2646D430D1}.Debug|Any CPU.ActiveCfg = Debug|Any CPU
		{83E6F302-67B7-4FFD-B15A-AF2646D430D1}.Debug|Any CPU.Build.0 = Debug|Any CPU
		{83E6F302-67B7-4FFD-B15A-AF2646D430D1}.Release|Any CPU.ActiveCfg = Release|Any CPU
		{83E6F302-67B7-4FFD-B15A-AF2646D430D1}.Release|Any CPU.Build.0 = Release|Any CPU
		{B319F628-F6B4-48A1-8E31-33EA664F9008}.Debug|Any CPU.ActiveCfg = Debug|Any CPU
		{B319F628-F6B4-48A1-8E31-33EA664F9008}.Debug|Any CPU.Build.0 = Debug|Any CPU
		{B319F628-F6B4-48A1-8E31-33EA664F9008}.Release|Any CPU.ActiveCfg = Release|Any CPU
		{B319F628-F6B4-48A1-8E31-33EA664F9008}.Release|Any CPU.Build.0 = Release|Any CPU
	EndGlobalSection
	GlobalSection(SolutionProperties) = preSolution
		HideSolutionNode = FALSE
	EndGlobalSection
EndGlobal
